version = 1
revision = 3
requires-python = ">=3.12"

[[package]]
name = "backtrader"
version = "1.9.78.123"
source = { registry = "https://pypi.org/simple" }
wheels = [
    { url = "https://files.pythonhosted.org/packages/f3/ef/328c6ec332435f63b3e18febd263686b8ba07e990676a862cc8522ba38f5/backtrader-1.9.78.123-py2.py3-none-any.whl", hash = "sha256:9a07a516b0de9155539a35c56e9404d8711dd7020b3d37b30495e83e1b9d5dfd", size = 419517, upload-time = "2023-04-19T14:13:18.842Z" },
]

[[package]]
name = "quant"
version = "0.1.0"
source = { virtual = "." }
dependencies = [
    { name = "backtrader" },
]

[package.metadata]
requires-dist = [{ name = "backtrader", specifier = ">=1.9.78.123" }]
